<?xml version="1.0" encoding="utf-8"?>
<Project ToolsVersion="4.0" xmlns="http://schemas.microsoft.com/developer/msbuild/2003">
  <ItemGroup>
    <Filter Include="Source Files">
      <UniqueIdentifier>{4FC737F1-C7A5-4376-A066-2A32D752A2FF}</UniqueIdentifier>
      <Extensions>cpp;c;cc;cxx;c++;cppm;ixx;def;odl;idl;hpj;bat;asm;asmx</Extensions>
    </Filter>
    <Filter Include="Header Files">
      <UniqueIdentifier>{93995380-89BD-4b04-88EB-625FBE52EBFB}</UniqueIdentifier>
      <Extensions>h;hh;hpp;hxx;h++;hm;inl;inc;ipp;xsd</Extensions>
    </Filter>
    <Filter Include="Resource Files">
      <UniqueIdentifier>{67DA6AB6-F800-4c08-8B7A-83BB121AAD01}</UniqueIdentifier>
      <Extensions>rc;ico;cur;bmp;dlg;rc2;rct;bin;rgs;gif;jpg;jpeg;jpe;resx;tiff;tif;png;wav;mfcribbon-ms</Extensions>
    </Filter>
    <Filter Include="Header Files\Plants">
      <UniqueIdentifier>{7e53e2bd-0049-498c-b16b-71f21c9e94e3}</UniqueIdentifier>
    </Filter>
    <Filter Include="Header Files\Animals">
      <UniqueIdentifier>{647bdd53-61ba-4027-af31-e12e025f5540}</UniqueIdentifier>
    </Filter>
    <Filter Include="Header Files\Base">
      <UniqueIdentifier>{665f3b64-1315-4a4d-af43-df5f05fb3c5c}</UniqueIdentifier>
    </Filter>
    <Filter Include="Source Files\Base">
      <UniqueIdentifier>{7cbfb8af-5c26-4eab-a5dc-f3c12b1f37e3}</UniqueIdentifier>
    </Filter>
    <Filter Include="Header Files\Organism">
      <UniqueIdentifier>{2ead9a5e-5db0-45aa-aca2-ceeb7d0b71fa}</UniqueIdentifier>
    </Filter>
    <Filter Include="Source Files\Organism">
      <UniqueIdentifier>{fb922643-26bd-4a27-bf27-84b2c3843514}</UniqueIdentifier>
    </Filter>
    <Filter Include="Source Files\Animal">
      <UniqueIdentifier>{328ea2b2-bb9a-43d3-a951-27a23abde5b8}</UniqueIdentifier>
    </Filter>
    <Filter Include="Source Files\Plant">
      <UniqueIdentifier>{ae8bd2fe-a485-4fad-a622-779451ce9598}</UniqueIdentifier>
    </Filter>
  </ItemGroup>
  <ItemGroup>
    <ClInclude Include="Position.h">
      <Filter>Header Files\Base</Filter>
    </ClInclude>
    <ClInclude Include="Animal.h">
      <Filter>Header Files\Organism</Filter>
    </ClInclude>
    <ClInclude Include="Organism.h">
      <Filter>Header Files\Organism</Filter>
    </ClInclude>
    <ClInclude Include="Plant.h">
      <Filter>Header Files\Organism</Filter>
    </ClInclude>
    <ClInclude Include="Action.h">
      <Filter>Header Files\Base</Filter>
    </ClInclude>
    <ClInclude Include="World.h">
      <Filter>Header Files</Filter>
    </ClInclude>
    <ClInclude Include="Wolf.h">
      <Filter>Header Files\Animals</Filter>
    </ClInclude>
    <ClInclude Include="Sheep.h">
      <Filter>Header Files\Animals</Filter>
    </ClInclude>
    <ClInclude Include="Fox.h">
      <Filter>Header Files\Animals</Filter>
    </ClInclude>
    <ClInclude Include="Turtle.h">
      <Filter>Header Files\Animals</Filter>
    </ClInclude>
    <ClInclude Include="Antelope.h">
      <Filter>Header Files\Animals</Filter>
    </ClInclude>
    <ClInclude Include="Human.h">
      <Filter>Header Files\Organism</Filter>
    </ClInclude>
    <ClInclude Include="Grass.h">
      <Filter>Header Files\Plants</Filter>
    </ClInclude>
    <ClInclude Include="Sonchus.h">
      <Filter>Header Files\Plants</Filter>
    </ClInclude>
    <ClInclude Include="Guarana.h">
      <Filter>Header Files\Plants</Filter>
    </ClInclude>
    <ClInclude Include="Wberry.h">
      <Filter>Header Files\Plants</Filter>
    </ClInclude>
    <ClInclude Include="Borscht.h">
      <Filter>Header Files\Plants</Filter>
    </ClInclude>
  </ItemGroup>
  <ItemGroup>
    <ClCompile Include="Position.cpp">
      <Filter>Source Files\Base</Filter>
    </ClCompile>
    <ClCompile Include="Animal.cpp">
      <Filter>Source Files\Organism</Filter>
    </ClCompile>
    <ClCompile Include="Organism.cpp">
      <Filter>Source Files\Organism</Filter>
    </ClCompile>
    <ClCompile Include="Plant.cpp">
      <Filter>Source Files\Organism</Filter>
    </ClCompile>
    <ClCompile Include="Action.cpp">
      <Filter>Source Files\Base</Filter>
    </ClCompile>
    <ClCompile Include="World.cpp">
      <Filter>Source Files</Filter>
    </ClCompile>
    <ClCompile Include="Main.cpp">
      <Filter>Source Files</Filter>
    </ClCompile>
    <ClCompile Include="Sheep.cpp">
      <Filter>Source Files\Animal</Filter>
    </ClCompile>
    <ClCompile Include="Wolf.cpp">
      <Filter>Source Files\Animal</Filter>
    </ClCompile>
    <ClCompile Include="Fox.cpp">
      <Filter>Source Files\Animal</Filter>
    </ClCompile>
    <ClCompile Include="Turtle.cpp">
      <Filter>Source Files\Animal</Filter>
    </ClCompile>
    <ClCompile Include="Antelope.cpp">
      <Filter>Source Files\Animal</Filter>
    </ClCompile>
    <ClCompile Include="Grass.cpp">
      <Filter>Source Files\Plant</Filter>
    </ClCompile>
    <ClCompile Include="Sonchus.cpp">
      <Filter>Source Files\Plant</Filter>
    </ClCompile>
    <ClCompile Include="Borscht.cpp">
      <Filter>Source Files\Plant</Filter>
    </ClCompile>
    <ClCompile Include="Guarana.cpp">
      <Filter>Source Files\Plant</Filter>
    </ClCompile>
    <ClCompile Include="Wberry.cpp">
      <Filter>Source Files\Plant</Filter>
    </ClCompile>
  </ItemGroup>
</Project>